# THIS IS AN AUTOGENERATED FILE. DO NOT EDIT THIS FILE DIRECTLY.
# yarn lockfile v1


"@noble/curves@^1.3.0":
  version "1.7.0"
  resolved "https://registry.yarnpkg.com/@noble/curves/-/curves-1.7.0.tgz#0512360622439256df892f21d25b388f52505e45"
  integrity sha512-UTMhXK9SeDhFJVrHeUJ5uZlI6ajXg10O6Ddocf9S6GjbSBVZsJo88HzKwXznNfGpMTRDyJkqMjNDPYgf0qFWnw==
  dependencies:
    "@noble/hashes" "1.6.0"

"@noble/hashes@1.6.0":
  version "1.6.0"
  resolved "https://registry.yarnpkg.com/@noble/hashes/-/hashes-1.6.0.tgz#d4bfb516ad6e7b5111c216a5cc7075f4cf19e6c5"
  integrity sha512-YUULf0Uk4/mAA89w+k3+yUYh6NrEvxZa5T6SY3wlMvE2chHkxFUUIDI8/XW1QSC357iA5pSnqt7XEhvFOqmDyQ==

"@noble/hashes@^1.3.1", "@noble/hashes@^1.3.3":
  version "1.6.1"
  resolved "https://registry.yarnpkg.com/@noble/hashes/-/hashes-1.6.1.tgz#df6e5943edcea504bac61395926d6fd67869a0d5"
  integrity sha512-pq5D8h10hHBjyqX+cfBm0i8JUXJ0UhczFc4r74zbuT9XgewFo2E3J1cOaGtdZynILNmQ685YWGzGE1Zv6io50w==

"@polkadot-api/json-rpc-provider-proxy@^0.1.0":
  version "0.1.0"
  resolved "https://registry.yarnpkg.com/@polkadot-api/json-rpc-provider-proxy/-/json-rpc-provider-proxy-0.1.0.tgz#6e191f28e7d0fbbe8b540fc51d12a0adaeba297e"
  integrity sha512-8GSFE5+EF73MCuLQm8tjrbCqlgclcHBSRaswvXziJ0ZW7iw3UEMsKkkKvELayWyBuOPa2T5i1nj6gFOeIsqvrg==

"@polkadot-api/json-rpc-provider@0.0.1", "@polkadot-api/json-rpc-provider@^0.0.1":
  version "0.0.1"
  resolved "https://registry.yarnpkg.com/@polkadot-api/json-rpc-provider/-/json-rpc-provider-0.0.1.tgz#333645d40ccd9bccfd1f32503f17e4e63e76e297"
  integrity sha512-/SMC/l7foRjpykLTUTacIH05H3mr9ip8b5xxfwXlVezXrNVLp3Cv0GX6uItkKd+ZjzVPf3PFrDF2B2/HLSNESA==

"@polkadot-api/metadata-builders@0.3.2":
  version "0.3.2"
  resolved "https://registry.yarnpkg.com/@polkadot-api/metadata-builders/-/metadata-builders-0.3.2.tgz#007f158c9e0546cf79ba440befc0c753ab1a6629"
  integrity sha512-TKpfoT6vTb+513KDzMBTfCb/ORdgRnsS3TDFpOhAhZ08ikvK+hjHMt5plPiAX/OWkm1Wc9I3+K6W0hX5Ab7MVg==
  dependencies:
    "@polkadot-api/substrate-bindings" "0.6.0"
    "@polkadot-api/utils" "0.1.0"

"@polkadot-api/observable-client@^0.3.0":
  version "0.3.2"
  resolved "https://registry.yarnpkg.com/@polkadot-api/observable-client/-/observable-client-0.3.2.tgz#fd91efee350595a6e0ecfd3f294cc80de86c0cf7"
  integrity sha512-HGgqWgEutVyOBXoGOPp4+IAq6CNdK/3MfQJmhCJb8YaJiaK4W6aRGrdQuQSTPHfERHCARt9BrOmEvTXAT257Ug==
  dependencies:
    "@polkadot-api/metadata-builders" "0.3.2"
    "@polkadot-api/substrate-bindings" "0.6.0"
    "@polkadot-api/utils" "0.1.0"

"@polkadot-api/substrate-bindings@0.6.0":
  version "0.6.0"
  resolved "https://registry.yarnpkg.com/@polkadot-api/substrate-bindings/-/substrate-bindings-0.6.0.tgz#889b0c3ba19dc95282286506bf6e370a43ce119a"
  integrity sha512-lGuhE74NA1/PqdN7fKFdE5C1gNYX357j1tWzdlPXI0kQ7h3kN0zfxNOpPUN7dIrPcOFZ6C0tRRVrBylXkI6xPw==
  dependencies:
    "@noble/hashes" "^1.3.1"
    "@polkadot-api/utils" "0.1.0"
    "@scure/base" "^1.1.1"
    scale-ts "^1.6.0"

"@polkadot-api/substrate-client@^0.1.2":
  version "0.1.4"
  resolved "https://registry.yarnpkg.com/@polkadot-api/substrate-client/-/substrate-client-0.1.4.tgz#7a808e5cb85ecb9fa2b3a43945090a6c807430ce"
  integrity sha512-MljrPobN0ZWTpn++da9vOvt+Ex+NlqTlr/XT7zi9sqPtDJiQcYl+d29hFAgpaeTqbeQKZwz3WDE9xcEfLE8c5A==
  dependencies:
    "@polkadot-api/json-rpc-provider" "0.0.1"
    "@polkadot-api/utils" "0.1.0"

"@polkadot-api/utils@0.1.0":
  version "0.1.0"
  resolved "https://registry.yarnpkg.com/@polkadot-api/utils/-/utils-0.1.0.tgz#d36937cdc465c2ea302f3278cf53157340ab33a0"
  integrity sha512-MXzWZeuGxKizPx2Xf/47wx9sr/uxKw39bVJUptTJdsaQn/TGq+z310mHzf1RCGvC1diHM8f593KrnDgc9oNbJA==

"@polkadot/api-augment@15.0.1":
  version "15.0.1"
  resolved "https://registry.yarnpkg.com/@polkadot/api-augment/-/api-augment-15.0.1.tgz#b5ece2fa01fc23e4297f3d5b62c184077c7a40e1"
  integrity sha512-dNFrim/87+rStNCrI1aSaH0nZzRadDwEIya/p860lFRVZQpkBvZlqvSBQUqcKxI0c5c1pp1uaSEixq+A+IOUBg==
  dependencies:
    "@polkadot/api-base" "15.0.1"
    "@polkadot/rpc-augment" "15.0.1"
    "@polkadot/types" "15.0.1"
    "@polkadot/types-augment" "15.0.1"
    "@polkadot/types-codec" "15.0.1"
    "@polkadot/util" "^13.2.3"
    tslib "^2.8.0"

"@polkadot/api-base@15.0.1":
  version "15.0.1"
  resolved "https://registry.yarnpkg.com/@polkadot/api-base/-/api-base-15.0.1.tgz#d12aec741749e1a7a2018597af919a4d88e224bc"
  integrity sha512-P4WQ+SqyuotVd//EFMIzlWLRbER9JycpdmTaKof2NpVioGotbHhJtO4TXPC3CW1C8zovM7KYrcWtz6b8/FxqoA==
  dependencies:
    "@polkadot/rpc-core" "15.0.1"
    "@polkadot/types" "15.0.1"
    "@polkadot/util" "^13.2.3"
    rxjs "^7.8.1"
    tslib "^2.8.0"

"@polkadot/api-derive@15.0.1":
  version "15.0.1"
  resolved "https://registry.yarnpkg.com/@polkadot/api-derive/-/api-derive-15.0.1.tgz#0dc188c6463ea60f0699f36708e5622a7f4d65db"
  integrity sha512-gaLqZ8wL+hGMntq5gxHb6Rv+EQzmmnC63plMBvk5pnNfCm4xjN43GYpbOwSQknHVNo+irC7qwD3GyPK6TfFUUA==
  dependencies:
    "@polkadot/api" "15.0.1"
    "@polkadot/api-augment" "15.0.1"
    "@polkadot/api-base" "15.0.1"
    "@polkadot/rpc-core" "15.0.1"
    "@polkadot/types" "15.0.1"
    "@polkadot/types-codec" "15.0.1"
    "@polkadot/util" "^13.2.3"
    "@polkadot/util-crypto" "^13.2.3"
    rxjs "^7.8.1"
    tslib "^2.8.0"

"@polkadot/api@15.0.1", "@polkadot/api@^15.0.1":
  version "15.0.1"
  resolved "https://registry.yarnpkg.com/@polkadot/api/-/api-15.0.1.tgz#944897b3ff1adc350dde10a54c040e665ab91a7d"
  integrity sha512-ZOqw99B70XrX0it0cWu1YSBrtGNhdFpk5zvUVL5+FD8iyO+Tuk1m32VR0PukDCdlwxFXuEw7vRdZX/G/BzoZhg==
  dependencies:
    "@polkadot/api-augment" "15.0.1"
    "@polkadot/api-base" "15.0.1"
    "@polkadot/api-derive" "15.0.1"
    "@polkadot/keyring" "^13.2.3"
    "@polkadot/rpc-augment" "15.0.1"
    "@polkadot/rpc-core" "15.0.1"
    "@polkadot/rpc-provider" "15.0.1"
    "@polkadot/types" "15.0.1"
    "@polkadot/types-augment" "15.0.1"
    "@polkadot/types-codec" "15.0.1"
    "@polkadot/types-create" "15.0.1"
    "@polkadot/types-known" "15.0.1"
    "@polkadot/util" "^13.2.3"
    "@polkadot/util-crypto" "^13.2.3"
    eventemitter3 "^5.0.1"
    rxjs "^7.8.1"
    tslib "^2.8.0"

"@polkadot/keyring@^13.2.3":
  version "13.2.3"
  resolved "https://registry.yarnpkg.com/@polkadot/keyring/-/keyring-13.2.3.tgz#f974c2d61bc2aa009e2728ab53dfcc83f003d0da"
  integrity sha512-pgTo6DXNXub0wGD+MnVHYhKxf80Jl+QMOCb818ioGdXz++Uw4mTueFAwtB+N7TGo0HafhChUiNJDxFdlDkcAng==
  dependencies:
    "@polkadot/util" "13.2.3"
    "@polkadot/util-crypto" "13.2.3"
    tslib "^2.8.0"

"@polkadot/networks@13.2.3", "@polkadot/networks@^13.2.3":
  version "13.2.3"
  resolved "https://registry.yarnpkg.com/@polkadot/networks/-/networks-13.2.3.tgz#c9d63b7de7ae67cf0d776471287e67ed747940f7"
  integrity sha512-mG+zkXg/33AyPrkv2xBbAo3LBUwOwBn6qznBU/4jxiZPnVvCwMaxE7xHM22B5riItbNJ169FXv3wy0v6ZmkFbw==
  dependencies:
    "@polkadot/util" "13.2.3"
    "@substrate/ss58-registry" "^1.51.0"
    tslib "^2.8.0"

"@polkadot/rpc-augment@15.0.1":
  version "15.0.1"
  resolved "https://registry.yarnpkg.com/@polkadot/rpc-augment/-/rpc-augment-15.0.1.tgz#96b9a2442979001bd5c190983f2440d9d53cec24"
  integrity sha512-4FoY+oXC08+vaLMAvFgOOjcFHNBHEv2kOqgxtO/yCyMLNvyRRnrBtMofznJ1EWEwzehvU5iSlbMCerKdImFRZQ==
  dependencies:
    "@polkadot/rpc-core" "15.0.1"
    "@polkadot/types" "15.0.1"
    "@polkadot/types-codec" "15.0.1"
    "@polkadot/util" "^13.2.3"
    tslib "^2.8.0"

"@polkadot/rpc-core@15.0.1":
  version "15.0.1"
  resolved "https://registry.yarnpkg.com/@polkadot/rpc-core/-/rpc-core-15.0.1.tgz#a0c101ba45e5c6224ffd61783921dc1a7056ae73"
  integrity sha512-I5F1T17Nr5oEuqAysP7n14tWym54hCriqj0pV0tM4yfIF0iWaWPkqWNRU7uNfv86n3m15IMGoMapvgZVnUF5LQ==
  dependencies:
    "@polkadot/rpc-augment" "15.0.1"
    "@polkadot/rpc-provider" "15.0.1"
    "@polkadot/types" "15.0.1"
    "@polkadot/util" "^13.2.3"
    rxjs "^7.8.1"
    tslib "^2.8.0"

"@polkadot/rpc-provider@15.0.1":
  version "15.0.1"
  resolved "https://registry.yarnpkg.com/@polkadot/rpc-provider/-/rpc-provider-15.0.1.tgz#14fa54f2cd7f0d5be2a0d4e14ef7bb2480cbdde3"
  integrity sha512-ziRob/sco751+OK700vNh7IivysFOeZthO7JpC8CEQhZ2c+z/HY7bNsAucy1q1ELGe7xLMZW2/rm/RG285ZDPQ==
  dependencies:
    "@polkadot/keyring" "^13.2.3"
    "@polkadot/types" "15.0.1"
    "@polkadot/types-support" "15.0.1"
    "@polkadot/util" "^13.2.3"
    "@polkadot/util-crypto" "^13.2.3"
    "@polkadot/x-fetch" "^13.2.3"
    "@polkadot/x-global" "^13.2.3"
    "@polkadot/x-ws" "^13.2.3"
    eventemitter3 "^5.0.1"
    mock-socket "^9.3.1"
    nock "^13.5.5"
    tslib "^2.8.0"
  optionalDependencies:
    "@substrate/connect" "0.8.11"

"@polkadot/types-augment@15.0.1":
  version "15.0.1"
  resolved "https://registry.yarnpkg.com/@polkadot/types-augment/-/types-augment-15.0.1.tgz#d91b78c7bc3ed2b5a4033c02b89a21d9ff7564c9"
  integrity sha512-6fTjJmTGd46UUIYPHr5oA6kiFl6IY45dvDgUQu07AmVdEQlq3OPq/7GyS639SLHHfMLSPbFKyt1iMVj9BNu0qA==
  dependencies:
    "@polkadot/types" "15.0.1"
    "@polkadot/types-codec" "15.0.1"
    "@polkadot/util" "^13.2.3"
    tslib "^2.8.0"

"@polkadot/types-codec@15.0.1":
  version "15.0.1"
  resolved "https://registry.yarnpkg.com/@polkadot/types-codec/-/types-codec-15.0.1.tgz#d261cdd59079598f30df7d5fc7f1e047880a3f94"
  integrity sha512-SLypmYH6FYRmqGG8TBbi4X0tYh1OUZEMNkujln2eHxsuFIYRGrHFnEohtkF9ktSxoUji2ph9I5ZW5gqQvEsXrA==
  dependencies:
    "@polkadot/util" "^13.2.3"
    "@polkadot/x-bigint" "^13.2.3"
    tslib "^2.8.0"

"@polkadot/types-create@15.0.1":
  version "15.0.1"
  resolved "https://registry.yarnpkg.com/@polkadot/types-create/-/types-create-15.0.1.tgz#8d586cae49162daed252282f4dfcc1109522c0f8"
  integrity sha512-M1vs5o3sw8p3g88GhJgz2vSSgxnr5CfbaL4r5EYzR+Hx9xUvz03aEofySvodusEpdRQ9MijnsNSP9306xvcqhw==
  dependencies:
    "@polkadot/types-codec" "15.0.1"
    "@polkadot/util" "^13.2.3"
    tslib "^2.8.0"

"@polkadot/types-known@15.0.1":
  version "15.0.1"
  resolved "https://registry.yarnpkg.com/@polkadot/types-known/-/types-known-15.0.1.tgz#681834f110e3958c23c19d6ce9072aaa418a1499"
  integrity sha512-9VC6QX4/JAjWmnSdaZIm4n8CgmVj9KutgQ5/Uy9VBrTwfRzUPIBwHZT8lPQLeN1WwQRbtc5ojDoo2SR+OqGTqw==
  dependencies:
    "@polkadot/networks" "^13.2.3"
    "@polkadot/types" "15.0.1"
    "@polkadot/types-codec" "15.0.1"
    "@polkadot/types-create" "15.0.1"
    "@polkadot/util" "^13.2.3"
    tslib "^2.8.0"

"@polkadot/types-support@15.0.1":
  version "15.0.1"
  resolved "https://registry.yarnpkg.com/@polkadot/types-support/-/types-support-15.0.1.tgz#eec6098a52a5d32ddceb46fa86e8d92d4810c820"
  integrity sha512-w/IWFuDn290brw75ZXKPkQMazz0yizE0zK0XuqP2S4IW009x+z0peRc7Q4k36JOqDVDwSc38vTxWtRPVqdoI1g==
  dependencies:
    "@polkadot/util" "^13.2.3"
    tslib "^2.8.0"

"@polkadot/types@15.0.1":
  version "15.0.1"
  resolved "https://registry.yarnpkg.com/@polkadot/types/-/types-15.0.1.tgz#0f366064415f6fad024ec6b4a563e8c0526cf593"
  integrity sha512-jnn0h8Z4O3l/UjrBOJPmkfKjuC6fSqhQfsn7HpWF18lEicGp4/A7X3AZryIg8npKHHiuH30bK/o1VuivH+4dVw==
  dependencies:
    "@polkadot/keyring" "^13.2.3"
    "@polkadot/types-augment" "15.0.1"
    "@polkadot/types-codec" "15.0.1"
    "@polkadot/types-create" "15.0.1"
    "@polkadot/util" "^13.2.3"
    "@polkadot/util-crypto" "^13.2.3"
    rxjs "^7.8.1"
    tslib "^2.8.0"

"@polkadot/util-crypto@13.2.3", "@polkadot/util-crypto@^13.2.3":
  version "13.2.3"
  resolved "https://registry.yarnpkg.com/@polkadot/util-crypto/-/util-crypto-13.2.3.tgz#4e43a0554a5af2a79bade26c1cf623b7a4590645"
  integrity sha512-5sbggmLbn5eiuVMyPROPlT5roHRqdKHOfSpioNbGvGIZ1qIWVoC1RfsK0NWJOVGDzy6DpQe0KYT/kgcU5Xsrzw==
  dependencies:
    "@noble/curves" "^1.3.0"
    "@noble/hashes" "^1.3.3"
    "@polkadot/networks" "13.2.3"
    "@polkadot/util" "13.2.3"
    "@polkadot/wasm-crypto" "^7.4.1"
    "@polkadot/wasm-util" "^7.4.1"
    "@polkadot/x-bigint" "13.2.3"
    "@polkadot/x-randomvalues" "13.2.3"
    "@scure/base" "^1.1.7"
    tslib "^2.8.0"

"@polkadot/util@13.2.3", "@polkadot/util@^13.2.3":
  version "13.2.3"
  resolved "https://registry.yarnpkg.com/@polkadot/util/-/util-13.2.3.tgz#2bdd753f920d466ca8fb1f812f913304471dd38c"
  integrity sha512-pioNnsig3qHXrfOKMe4Yqos8B8N3/EZUpS+WfTpWnn1VjYban/0GrTXeavPlAwggnY27b8fS6rBzQBhnVYDw8g==
  dependencies:
    "@polkadot/x-bigint" "13.2.3"
    "@polkadot/x-global" "13.2.3"
    "@polkadot/x-textdecoder" "13.2.3"
    "@polkadot/x-textencoder" "13.2.3"
    "@types/bn.js" "^5.1.6"
    bn.js "^5.2.1"
    tslib "^2.8.0"

"@polkadot/wasm-bridge@7.4.1":
  version "7.4.1"
  resolved "https://registry.yarnpkg.com/@polkadot/wasm-bridge/-/wasm-bridge-7.4.1.tgz#dd59ebb7c425657aad64b1430e8455d14d935059"
  integrity sha512-tdkJaV453tezBxhF39r4oeG0A39sPKGDJmN81LYLf+Fihb7astzwju+u75BRmDrHZjZIv00un3razJEWCxze6g==
  dependencies:
    "@polkadot/wasm-util" "7.4.1"
    tslib "^2.7.0"

"@polkadot/wasm-crypto-asmjs@7.4.1":
  version "7.4.1"
  resolved "https://registry.yarnpkg.com/@polkadot/wasm-crypto-asmjs/-/wasm-crypto-asmjs-7.4.1.tgz#5d36f3f498077f826f2bbe742070574606e673e9"
  integrity sha512-pwU8QXhUW7IberyHJIQr37IhbB6DPkCG5FhozCiNTq4vFBsFPjm9q8aZh7oX1QHQaiAZa2m2/VjIVE+FHGbvHQ==
  dependencies:
    tslib "^2.7.0"

"@polkadot/wasm-crypto-init@7.4.1":
  version "7.4.1"
  resolved "https://registry.yarnpkg.com/@polkadot/wasm-crypto-init/-/wasm-crypto-init-7.4.1.tgz#88bc61c9473a7c39d9fafb27cd631215b053b836"
  integrity sha512-AVka33+f7MvXEEIGq5U0dhaA2SaXMXnxVCQyhJTaCnJ5bRDj0Xlm3ijwDEQUiaDql7EikbkkRtmlvs95eSUWYQ==
  dependencies:
    "@polkadot/wasm-bridge" "7.4.1"
    "@polkadot/wasm-crypto-asmjs" "7.4.1"
    "@polkadot/wasm-crypto-wasm" "7.4.1"
    "@polkadot/wasm-util" "7.4.1"
    tslib "^2.7.0"

"@polkadot/wasm-crypto-wasm@7.4.1":
  version "7.4.1"
  resolved "https://registry.yarnpkg.com/@polkadot/wasm-crypto-wasm/-/wasm-crypto-wasm-7.4.1.tgz#73d08f59aaf51ed70563c0099e7852fdeda03649"
  integrity sha512-PE1OAoupFR0ZOV2O8tr7D1FEUAwaggzxtfs3Aa5gr+yxlSOaWUKeqsOYe1KdrcjmZVV3iINEAXxgrbzCmiuONg==
  dependencies:
    "@polkadot/wasm-util" "7.4.1"
    tslib "^2.7.0"

"@polkadot/wasm-crypto@^7.4.1":
  version "7.4.1"
  resolved "https://registry.yarnpkg.com/@polkadot/wasm-crypto/-/wasm-crypto-7.4.1.tgz#6d5f94d28bf92ef234b94d55b0d1f4299cbbb7b7"
  integrity sha512-kHN/kF7hYxm1y0WeFLWeWir6oTzvcFmR4N8fJJokR+ajYbdmrafPN+6iLgQVbhZnDdxyv9jWDuRRsDnBx8tPMQ==
  dependencies:
    "@polkadot/wasm-bridge" "7.4.1"
    "@polkadot/wasm-crypto-asmjs" "7.4.1"
    "@polkadot/wasm-crypto-init" "7.4.1"
    "@polkadot/wasm-crypto-wasm" "7.4.1"
    "@polkadot/wasm-util" "7.4.1"
    tslib "^2.7.0"

"@polkadot/wasm-util@7.4.1", "@polkadot/wasm-util@^7.4.1":
  version "7.4.1"
  resolved "https://registry.yarnpkg.com/@polkadot/wasm-util/-/wasm-util-7.4.1.tgz#e8cea38a3b752efdef55080bb1da795ac71c5136"
  integrity sha512-RAcxNFf3zzpkr+LX/ItAsvj+QyM56TomJ0xjUMo4wKkHjwsxkz4dWJtx5knIgQz/OthqSDMR59VNEycQeNuXzA==
  dependencies:
    tslib "^2.7.0"

"@polkadot/x-bigint@13.2.3", "@polkadot/x-bigint@^13.2.3":
  version "13.2.3"
  resolved "https://registry.yarnpkg.com/@polkadot/x-bigint/-/x-bigint-13.2.3.tgz#fa0da8624b98aa320dbe9b76ee816d1a3378c298"
  integrity sha512-VKgEAh0LsxTd/Hg517Tt5ZU4CySjBwMpaojbkjgv3fOdg1cN7t4eFEUxpyj7mlO0cp22SzDh7nmy4TO98qhLQA==
  dependencies:
    "@polkadot/x-global" "13.2.3"
    tslib "^2.8.0"

"@polkadot/x-fetch@^13.2.3":
  version "13.2.3"
  resolved "https://registry.yarnpkg.com/@polkadot/x-fetch/-/x-fetch-13.2.3.tgz#116220ddb9526bce6a11c8cea0471992bca78b73"
  integrity sha512-7Nmk+8ieEGzz43nc1rX6nH3rQo6rhGmAaIXJWnXY9gOHY0k1me1bJYbP+xDdh8vcLh8eY3D1sESUwG6QYZW2lg==
  dependencies:
    "@polkadot/x-global" "13.2.3"
    node-fetch "^3.3.2"
    tslib "^2.8.0"

"@polkadot/x-global@13.2.3", "@polkadot/x-global@^13.2.3":
  version "13.2.3"
  resolved "https://registry.yarnpkg.com/@polkadot/x-global/-/x-global-13.2.3.tgz#ed66cec6c6c2367625dc8a09cc2ef72fdd2704eb"
  integrity sha512-7MYQIAEwBkRcNrgqac5PbB0kNPlI6ISJEy6/Nb+crj8BFjQ8rf11PF49fq0QsvDeuYM1aNLigrvYZNptQs4lbw==
  dependencies:
    tslib "^2.8.0"

"@polkadot/x-randomvalues@13.2.3":
  version "13.2.3"
  resolved "https://registry.yarnpkg.com/@polkadot/x-randomvalues/-/x-randomvalues-13.2.3.tgz#d6253cfb7691d64a807ca26dc6c70a79d2394a0b"
  integrity sha512-Zf0GTfLmVk+VzPUmcQSpXjjmFzMTjPhXoLuIoE7xIu73T+vQ+TX9j7DvorN6bIRsnZ9l1SyTZsSf/NTjNZKIZg==
  dependencies:
    "@polkadot/x-global" "13.2.3"
    tslib "^2.8.0"

"@polkadot/x-textdecoder@13.2.3":
  version "13.2.3"
  resolved "https://registry.yarnpkg.com/@polkadot/x-textdecoder/-/x-textdecoder-13.2.3.tgz#0725fdd1a4be0c50ffda9b82e12028aad0da8a40"
  integrity sha512-i8hRXPtGknmdm3FYv6/94I52VXHJZa5sgYNw1+Hqb4Jqmq4awUjea35CKXd/+aw70Qn8Ngg31l2GoiH494fa+Q==
  dependencies:
    "@polkadot/x-global" "13.2.3"
    tslib "^2.8.0"

"@polkadot/x-textencoder@13.2.3":
  version "13.2.3"
  resolved "https://registry.yarnpkg.com/@polkadot/x-textencoder/-/x-textencoder-13.2.3.tgz#e0bfd34c37e00a847998a541e1cf804da64083cd"
  integrity sha512-wJI3Bb/dC4zyBXJFm5+ZhyBXWoI5wvP8k8qX0/ZC0PQsgSAqs7LVhiofk4Wd94n0P41W5re58LrGXLyziSAshw==
  dependencies:
    "@polkadot/x-global" "13.2.3"
    tslib "^2.8.0"

"@polkadot/x-ws@^13.2.3":
  version "13.2.3"
  resolved "https://registry.yarnpkg.com/@polkadot/x-ws/-/x-ws-13.2.3.tgz#791f0abf03c1243c1299a80eda4dd84b52ee37e8"
  integrity sha512-Y6MTAWgcnrnx/LkBx65X3ZyoJH5EFj3tXtflRoKg1+PLHSLuNBV7Wi5mLcE70z4e5c+4hgBbLq+8SqCqzFtSPw==
  dependencies:
    "@polkadot/x-global" "13.2.3"
    tslib "^2.8.0"
    ws "^8.18.0"

"@scure/base@^1.1.1", "@scure/base@^1.1.7":
  version "1.2.1"
  resolved "https://registry.yarnpkg.com/@scure/base/-/base-1.2.1.tgz#dd0b2a533063ca612c17aa9ad26424a2ff5aa865"
  integrity sha512-DGmGtC8Tt63J5GfHgfl5CuAXh96VF/LD8K9Hr/Gv0J2lAoRGlPOMpqMpMbCTOoOJMZCk2Xt+DskdDyn6dEFdzQ==

"@substrate/connect-extension-protocol@^2.0.0":
  version "2.2.1"
  resolved "https://registry.yarnpkg.com/@substrate/connect-extension-protocol/-/connect-extension-protocol-2.2.1.tgz#f36ae92166bdd5e4c55f8cdf149ab238f95eb26b"
  integrity sha512-GoafTgm/Jey9E4Xlj4Z5ZBt/H4drH2CNq8VrAro80rtoznrXnFDNVivLQzZN0Xaj2g8YXSn9pC9Oc9IovYZJXw==

"@substrate/connect-known-chains@^1.1.5":
  version "1.8.0"
  resolved "https://registry.yarnpkg.com/@substrate/connect-known-chains/-/connect-known-chains-1.8.0.tgz#e37046655045af634251c382db5a72ce7f67efe7"
  integrity sha512-sl7WfeDgnZuPvUl5Xw0XIziOTe8rEBJ3uugyDETGnafxEbjYMv5aJL0ilq5djhnQ7l9OuMJCN3Ckved2yINeeQ==

"@substrate/connect@0.8.11":
  version "0.8.11"
  resolved "https://registry.yarnpkg.com/@substrate/connect/-/connect-0.8.11.tgz#983ec69a05231636e217b573b8130a6b942af69f"
  integrity sha512-ofLs1PAO9AtDdPbdyTYj217Pe+lBfTLltdHDs3ds8no0BseoLeAGxpz1mHfi7zB4IxI3YyAiLjH6U8cw4pj4Nw==
  dependencies:
    "@substrate/connect-extension-protocol" "^2.0.0"
    "@substrate/connect-known-chains" "^1.1.5"
    "@substrate/light-client-extension-helpers" "^1.0.0"
    smoldot "2.0.26"

"@substrate/light-client-extension-helpers@^1.0.0":
  version "1.0.0"
  resolved "https://registry.yarnpkg.com/@substrate/light-client-extension-helpers/-/light-client-extension-helpers-1.0.0.tgz#7b60368c57e06e5cf798c6557422d12e6d81f1ff"
  integrity sha512-TdKlni1mBBZptOaeVrKnusMg/UBpWUORNDv5fdCaJklP4RJiFOzBCrzC+CyVI5kQzsXBisZ+2pXm+rIjS38kHg==
  dependencies:
    "@polkadot-api/json-rpc-provider" "^0.0.1"
    "@polkadot-api/json-rpc-provider-proxy" "^0.1.0"
    "@polkadot-api/observable-client" "^0.3.0"
    "@polkadot-api/substrate-client" "^0.1.2"
    "@substrate/connect-extension-protocol" "^2.0.0"
    "@substrate/connect-known-chains" "^1.1.5"
    rxjs "^7.8.1"

"@substrate/ss58-registry@^1.51.0":
  version "1.51.0"
  resolved "https://registry.yarnpkg.com/@substrate/ss58-registry/-/ss58-registry-1.51.0.tgz#39e0341eb4069c2d3e684b93f0d8cb0bec572383"
  integrity sha512-TWDurLiPxndFgKjVavCniytBIw+t4ViOi7TYp9h/D0NMmkEc9klFTo+827eyEJ0lELpqO207Ey7uGxUa+BS1jQ==

"@types/bn.js@^5.1.6":
  version "5.1.6"
  resolved "https://registry.yarnpkg.com/@types/bn.js/-/bn.js-5.1.6.tgz#9ba818eec0c85e4d3c679518428afdf611d03203"
  integrity sha512-Xh8vSwUeMKeYYrj3cX4lGQgFSF/N03r+tv4AiLl1SucqV+uTQpxRcnM8AkXKHwYP9ZPXOYXRr2KPXpVlIvqh9w==
  dependencies:
    "@types/node" "*"

"@types/node@*":
  version "22.10.1"
  resolved "https://registry.yarnpkg.com/@types/node/-/node-22.10.1.tgz#41ffeee127b8975a05f8c4f83fb89bcb2987d766"
  integrity sha512-qKgsUwfHZV2WCWLAnVP1JqnpE6Im6h3Y0+fYgMTasNQ7V++CBX5OT1as0g0f+OyubbFqhf6XVNIsmN4IIhEgGQ==
  dependencies:
    undici-types "~6.20.0"

bn.js@^5.2.1:
  version "5.2.1"
  resolved "https://registry.yarnpkg.com/bn.js/-/bn.js-5.2.1.tgz#0bc527a6a0d18d0aa8d5b0538ce4a77dccfa7b70"
  integrity sha512-eXRvHzWyYPBuB4NBy0cmYQjGitUrtqwbvlzP3G6VFnNRbsZQIxQ10PbKKHt8gZ/HW/D/747aDl+QkDqg3KQLMQ==

data-uri-to-buffer@^4.0.0:
  version "4.0.1"
  resolved "https://registry.yarnpkg.com/data-uri-to-buffer/-/data-uri-to-buffer-4.0.1.tgz#d8feb2b2881e6a4f58c2e08acfd0e2834e26222e"
  integrity sha512-0R9ikRb668HB7QDxT1vkpuUBtqc53YyAwMwGeUFKRojY/NWKvdZ+9UYtRfGmhqNbRkTSVpMbmyhXipFFv2cb/A==

debug@^4.1.0:
  version "4.3.7"
  resolved "https://registry.yarnpkg.com/debug/-/debug-4.3.7.tgz#87945b4151a011d76d95a198d7111c865c360a52"
  integrity sha512-Er2nc/H7RrMXZBFCEim6TCmMk02Z8vLC2Rbi1KEBggpo0fS6l0S1nnapwmIi3yW/+GOJap1Krg4w0Hg80oCqgQ==
  dependencies:
    ms "^2.1.3"

eventemitter3@^5.0.1:
  version "5.0.1"
  resolved "https://registry.yarnpkg.com/eventemitter3/-/eventemitter3-5.0.1.tgz#53f5ffd0a492ac800721bb42c66b841de96423c4"
  integrity sha512-GWkBvjiSZK87ELrYOSESUYeVIc9mvLLf/nXalMOS5dYrgZq9o5OVkbZAVM06CVxYsCwH9BDZFPlQTlPA1j4ahA==

fetch-blob@^3.1.2, fetch-blob@^3.1.4:
  version "3.2.0"
  resolved "https://registry.yarnpkg.com/fetch-blob/-/fetch-blob-3.2.0.tgz#f09b8d4bbd45adc6f0c20b7e787e793e309dcce9"
  integrity sha512-7yAQpD2UMJzLi1Dqv7qFYnPbaPx7ZfFK6PiIxQ4PfkGPyNyl2Ugx+a/umUonmKqjhM4DnfbMvdX6otXq83soQQ==
  dependencies:
    node-domexception "^1.0.0"
    web-streams-polyfill "^3.0.3"

formdata-polyfill@^4.0.10:
  version "4.0.10"
  resolved "https://registry.yarnpkg.com/formdata-polyfill/-/formdata-polyfill-4.0.10.tgz#24807c31c9d402e002ab3d8c720144ceb8848423"
  integrity sha512-buewHzMvYL29jdeQTVILecSaZKnt/RJWjoZCF5OW60Z67/GmSLBkOFM7qh1PI3zFNtJbaZL5eQu1vLfazOwj4g==
  dependencies:
    fetch-blob "^3.1.2"

json-stringify-safe@^5.0.1:
  version "5.0.1"
  resolved "https://registry.yarnpkg.com/json-stringify-safe/-/json-stringify-safe-5.0.1.tgz#1296a2d58fd45f19a0f6ce01d65701e2c735b6eb"
  integrity sha512-ZClg6AaYvamvYEE82d3Iyd3vSSIjQ+odgjaTzRuO3s7toCdFKczob2i0zCh7JE8kWn17yvAWhUVxvqGwUalsRA==

mock-socket@^9.3.1:
  version "9.3.1"
  resolved "https://registry.yarnpkg.com/mock-socket/-/mock-socket-9.3.1.tgz#24fb00c2f573c84812aa4a24181bb025de80cc8e"
  integrity sha512-qxBgB7Qa2sEQgHFjj0dSigq7fX4k6Saisd5Nelwp2q8mlbAFh5dHV9JTTlF8viYJLSSWgMCZFUom8PJcMNBoJw==

ms@^2.1.3:
  version "2.1.3"
  resolved "https://registry.yarnpkg.com/ms/-/ms-2.1.3.tgz#574c8138ce1d2b5861f0b44579dbadd60c6615b2"
  integrity sha512-6FlzubTLZG3J2a/NVCAleEhjzq5oxgHyaCU9yYXvcLsvoVaHJq/s5xXI6/XXP6tz7R9xAOtHnSO/tXtF3WRTlA==

nock@^13.5.5:
  version "13.5.6"
  resolved "https://registry.yarnpkg.com/nock/-/nock-13.5.6.tgz#5e693ec2300bbf603b61dae6df0225673e6c4997"
  integrity sha512-o2zOYiCpzRqSzPj0Zt/dQ/DqZeYoaQ7TUonc/xUPjCGl9WeHpNbxgVvOquXYAaJzI0M9BXV3HTzG0p8IUAbBTQ==
  dependencies:
    debug "^4.1.0"
    json-stringify-safe "^5.0.1"
    propagate "^2.0.0"

node-domexception@^1.0.0:
  version "1.0.0"
  resolved "https://registry.yarnpkg.com/node-domexception/-/node-domexception-1.0.0.tgz#6888db46a1f71c0b76b3f7555016b63fe64766e5"
  integrity sha512-/jKZoMpw0F8GRwl4/eLROPA3cfcXtLApP0QzLmUT/HuPCZWyB7IY9ZrMeKw2O/nFIqPQB3PVM9aYm0F312AXDQ==

node-fetch@^3.3.2:
  version "3.3.2"
  resolved "https://registry.yarnpkg.com/node-fetch/-/node-fetch-3.3.2.tgz#d1e889bacdf733b4ff3b2b243eb7a12866a0b78b"
  integrity sha512-dRB78srN/l6gqWulah9SrxeYnxeddIG30+GOqK/9OlLVyLg3HPnr6SqOWTWOXKRwC2eGYCkZ59NNuSgvSrpgOA==
  dependencies:
    data-uri-to-buffer "^4.0.0"
    fetch-blob "^3.1.4"
    formdata-polyfill "^4.0.10"

propagate@^2.0.0:
  version "2.0.1"
  resolved "https://registry.yarnpkg.com/propagate/-/propagate-2.0.1.tgz#40cdedab18085c792334e64f0ac17256d38f9a45"
  integrity sha512-vGrhOavPSTz4QVNuBNdcNXePNdNMaO1xj9yBeH1ScQPjk/rhg9sSlCXPhMkFuaNNW/syTvYqsnbIJxMBfRbbag==

rxjs@^7.8.1:
  version "7.8.1"
  resolved "https://registry.yarnpkg.com/rxjs/-/rxjs-7.8.1.tgz#6f6f3d99ea8044291efd92e7c7fcf562c4057543"
  integrity sha512-AA3TVj+0A2iuIoQkWEK/tqFjBq2j+6PO6Y0zJcvzLAFhEFIO3HL0vls9hWLncZbAAbK0mar7oZ4V079I/qPMxg==
  dependencies:
    tslib "^2.1.0"

scale-ts@^1.6.0:
  version "1.6.1"
  resolved "https://registry.yarnpkg.com/scale-ts/-/scale-ts-1.6.1.tgz#45151e156d6c04792223c39d8e7484ce926445f2"
  integrity sha512-PBMc2AWc6wSEqJYBDPcyCLUj9/tMKnLX70jLOSndMtcUoLQucP/DM0vnQo1wJAYjTrQiq8iG9rD0q6wFzgjH7g==

smoldot@2.0.26:
  version "2.0.26"
  resolved "https://registry.yarnpkg.com/smoldot/-/smoldot-2.0.26.tgz#0e64c7fcd26240fbe4c8d6b6e4b9a9aca77e00f6"
  integrity sha512-F+qYmH4z2s2FK+CxGj8moYcd1ekSIKH8ywkdqlOz88Dat35iB1DIYL11aILN46YSGMzQW/lbJNS307zBSDN5Ig==
  dependencies:
    ws "^8.8.1"

tslib@^2.1.0, tslib@^2.7.0, tslib@^2.8.0:
  version "2.8.1"
  resolved "https://registry.yarnpkg.com/tslib/-/tslib-2.8.1.tgz#612efe4ed235d567e8aba5f2a5fab70280ade83f"
  integrity sha512-oJFu94HQb+KVduSUQL7wnpmqnfmLsOA/nAh6b6EH0wCEoK0/mPeXU6c3wKDV83MkOuHPRHtSXKKU99IBazS/2w==

undici-types@~6.20.0:
  version "6.20.0"
  resolved "https://registry.yarnpkg.com/undici-types/-/undici-types-6.20.0.tgz#8171bf22c1f588d1554d55bf204bc624af388433"
  integrity sha512-Ny6QZ2Nju20vw1SRHe3d9jVu6gJ+4e3+MMpqu7pqE5HT6WsTSlce++GQmK5UXS8mzV8DSYHrQH+Xrf2jVcuKNg==

web-streams-polyfill@^3.0.3:
  version "3.3.3"
  resolved "https://registry.yarnpkg.com/web-streams-polyfill/-/web-streams-polyfill-3.3.3.tgz#2073b91a2fdb1fbfbd401e7de0ac9f8214cecb4b"
  integrity sha512-d2JWLCivmZYTSIoge9MsgFCZrt571BikcWGYkjC1khllbTeDlGqZ2D8vD8E/lJa8WGWbb7Plm8/XJYV7IJHZZw==

ws@^8.18.0, ws@^8.8.1:
  version "8.18.0"
  resolved "https://registry.yarnpkg.com/ws/-/ws-8.18.0.tgz#0d7505a6eafe2b0e712d232b42279f53bc289bbc"
  integrity sha512-8VbfWfHLbbwu3+N6OKsOMpBdT4kXPDDB9cJk2bJ6mh9ucxdlnNvH1e+roYkKmN9Nxw2yjz7VzeO9oOz2zJ04Pw==
